# This file is generated by running "yarn install" inside your project.
# Manual changes might be lost - proceed with caution!

__metadata:
  version: 6
  cacheKey: 8

"semver@npm:7.3.2":
  version: 7.3.2
  resolution: "semver@npm:7.3.2"
  bin:
    semver: bin/semver.js
  checksum: 692f4900dadb43919614b0df9af23fe05743051cda0d1735b5e4d76f93c9e43a266fae73cfc928f5d1489f022c5c0e65dfd2900fcf5b1839c4e9a239729afa7b
  languageName: node
  linkType: hard

"test@workspace:.":
  version: 0.0.0-use.local
  resolution: "test@workspace:."
  dependencies:
    semver: 7.3.2
  languageName: unknown
  linkType: soft
