# generated by rye
# use `rye lock` or `rye sync` to update this lockfile
#
# last locked with the following flags:
#   pre: false
#   features: []
#   all-features: false
#   with-sources: false
#   generate-hashes: false

-e file:.
numpy==1.26.4
    # via ryetest
pampy==0.3.0
    # via ryetest
pyyaml==6.0.1
    # via ryetest
